# DO NOT EDIT MANUALLY - Managed by Fern Replay
version: "1.0"
generations:
  - commit_sha: 9289112e4d21bf39da0a11e00e9401045f3982cc
    tree_hash: b00f00ef91aea68a90a516e48103eb3d547a494e
    timestamp: 2026-08-24T23:40:23.315Z
    cli_version: unknown
    generator_versions: {}
current_generation: 9289112e4d21bf39da0a11e00e9401045f3982cc
patches: []
