# DO NOT EDIT MANUALLY - Managed by Fern Replay
version: "1.0"
generations:
  - commit_sha: e96a4e9841fcc928f488689d3002734c7659a38e
    tree_hash: 437c7ac5b4207589e7b016147a14bba500e4b1e7
    timestamp: 2026-07-15T20:59:26.104Z
    cli_version: unknown
    generator_versions: {}
  - commit_sha: 7e8fc5ead55102670850d9c67b6d65060e4ed5d7
    tree_hash: b1f75f9b43799005a35d2357cadda7955f11e5a0
    timestamp: 2026-07-15T21:00:17.518Z
    cli_version: unknown
    generator_versions:
      fernapi/fern-typescript-node-sdk: 2.5.0
current_generation: 7e8fc5ead55102670850d9c67b6d65060e4ed5d7
patches: []
